
Microsoft Visual Studio Solution File, Format Version 12.00
# Visual Studio Version 16
VisualStudioVersion = 16.0.31005.135
MinimumVisualStudioVersion = 10.0.40219.1
Project("{9A19103F-16F7-4668-BE54-9A1E7A4F7556}") = "1_AsyncMain", "1_AsyncMain\1_AsyncMain.csproj", "{CB0F6E03-507E-4814-B8C5-367286C37985}"
EndProject
Project("{FAE04EC0-301F-11D3-BF4B-00C04F79EFBC}") = "2_DefaultExpression", "2_DefaultExpression\2_DefaultExpression.csproj", "{3D7B2ECF-4058-4A05-B354-6A63E1F122ED}"
EndProject
Project("{FAE04EC0-301F-11D3-BF4B-00C04F79EFBC}") = "3_InferTupleNames", "3_InferTupleNames\3_InferTupleNames.csproj", "{90AC52FE-CF17-4C4A-B5C9-E25F923D8EB9}"
EndProject
Global
	GlobalSection(SolutionConfigurationPlatforms) = preSolution
		Debug|Any CPU = Debug|Any CPU
		Release|Any CPU = Release|Any CPU
	EndGlobalSection
	GlobalSection(ProjectConfigurationPlatforms) = postSolution
		{CB0F6E03-507E-4814-B8C5-367286C37985}.Debug|Any CPU.ActiveCfg = Debug|Any CPU
		{CB0F6E03-507E-4814-B8C5-367286C37985}.Debug|Any CPU.Build.0 = Debug|Any CPU
		{CB0F6E03-507E-4814-B8C5-367286C37985}.Release|Any CPU.ActiveCfg = Release|Any CPU
		{CB0F6E03-507E-4814-B8C5-367286C37985}.Release|Any CPU.Build.0 = Release|Any CPU
		{3D7B2ECF-4058-4A05-B354-6A63E1F122ED}.Debug|Any CPU.ActiveCfg = Debug|Any CPU
		{3D7B2ECF-4058-4A05-B354-6A63E1F122ED}.Debug|Any CPU.Build.0 = Debug|Any CPU
		{3D7B2ECF-4058-4A05-B354-6A63E1F122ED}.Release|Any CPU.ActiveCfg = Release|Any CPU
		{3D7B2ECF-4058-4A05-B354-6A63E1F122ED}.Release|Any CPU.Build.0 = Release|Any CPU
		{90AC52FE-CF17-4C4A-B5C9-E25F923D8EB9}.Debug|Any CPU.ActiveCfg = Debug|Any CPU
		{90AC52FE-CF17-4C4A-B5C9-E25F923D8EB9}.Debug|Any CPU.Build.0 = Debug|Any CPU
		{90AC52FE-CF17-4C4A-B5C9-E25F923D8EB9}.Release|Any CPU.ActiveCfg = Release|Any CPU
		{90AC52FE-CF17-4C4A-B5C9-E25F923D8EB9}.Release|Any CPU.Build.0 = Release|Any CPU
	EndGlobalSection
	GlobalSection(SolutionProperties) = preSolution
		HideSolutionNode = FALSE
	EndGlobalSection
	GlobalSection(ExtensibilityGlobals) = postSolution
		SolutionGuid = {D1EFFFA2-7385-4E00-B205-5C4184645930}
	EndGlobalSection
EndGlobal
